
Microsoft Visual Studio Solution File, Format Version 12.00
# Visual Studio 15
VisualStudioVersion = 15.0.26730.16
MinimumVisualStudioVersion = 10.0.40219.1
Project("{FAE04EC0-301F-11D3-BF4B-00C04F79EFBC}") = "estudo", "estudo\estudo.csproj", "{306A6084-6A6B-4AF0-AE29-1D98F5266BCF}"
EndProject
Global
	GlobalSection(SolutionConfigurationPlatforms) = preSolution
		Debug|Any CPU = Debug|Any CPU
		Release|Any CPU = Release|Any CPU
	EndGlobalSection
	GlobalSection(ProjectConfigurationPlatforms) = postSolution
		{306A6084-6A6B-4AF0-AE29-1D98F5266BCF}.Debug|Any CPU.ActiveCfg = Debug|Any CPU
		{306A6084-6A6B-4AF0-AE29-1D98F5266BCF}.Debug|Any CPU.Build.0 = Debug|Any CPU
		{306A6084-6A6B-4AF0-AE29-1D98F5266BCF}.Release|Any CPU.ActiveCfg = Release|Any CPU
		{306A6084-6A6B-4AF0-AE29-1D98F5266BCF}.Release|Any CPU.Build.0 = Release|Any CPU
	EndGlobalSection
	GlobalSection(SolutionProperties) = preSolution
		HideSolutionNode = FALSE
	EndGlobalSection
	GlobalSection(ExtensibilityGlobals) = postSolution
		SolutionGuid = {016D5CD7-ACB6-43D9-9478-979B17DB12CA}
	EndGlobalSection
EndGlobal
